
Microsoft Visual Studio Solution File, Format Version 12.00
Project("{FAE04EC0-301F-11D3-BF4B-00C04F79EFBC}") = "Nanoservices", "Nanoservices\Nanoservices.csproj", "{E40062C7-8E02-480C-AC1C-B00AE293DEE2}"
EndProject
Project("{FAE04EC0-301F-11D3-BF4B-00C04F79EFBC}") = "ServiceGlue", "ServiceGlue\ServiceGlue.csproj", "{7C294E94-5DFF-47DD-A006-993DEC8831B2}"
EndProject
Project("{FAE04EC0-301F-11D3-BF4B-00C04F79EFBC}") = "DistributedComputing", "DistributedComputing\DistributedComputing.csproj", "{EA71CB70-20AC-4A5D-8223-D6A849F170EB}"
EndProject
Project("{FAE04EC0-301F-11D3-BF4B-00C04F79EFBC}") = "ActorModel", "ActorModel\ActorModel.csproj", "{DC4E93E6-D634-4AD7-AD79-1142C2520542}"
EndProject
Global
	GlobalSection(SolutionConfigurationPlatforms) = preSolution
		Debug|Any CPU = Debug|Any CPU
		Release|Any CPU = Release|Any CPU
	EndGlobalSection
	GlobalSection(ProjectConfigurationPlatforms) = postSolution
		{E40062C7-8E02-480C-AC1C-B00AE293DEE2}.Debug|Any CPU.ActiveCfg = Debug|Any CPU
		{E40062C7-8E02-480C-AC1C-B00AE293DEE2}.Debug|Any CPU.Build.0 = Debug|Any CPU
		{E40062C7-8E02-480C-AC1C-B00AE293DEE2}.Release|Any CPU.ActiveCfg = Release|Any CPU
		{E40062C7-8E02-480C-AC1C-B00AE293DEE2}.Release|Any CPU.Build.0 = Release|Any CPU
		{7C294E94-5DFF-47DD-A006-993DEC8831B2}.Debug|Any CPU.ActiveCfg = Debug|Any CPU
		{7C294E94-5DFF-47DD-A006-993DEC8831B2}.Debug|Any CPU.Build.0 = Debug|Any CPU
		{7C294E94-5DFF-47DD-A006-993DEC8831B2}.Release|Any CPU.ActiveCfg = Release|Any CPU
		{7C294E94-5DFF-47DD-A006-993DEC8831B2}.Release|Any CPU.Build.0 = Release|Any CPU
		{EA71CB70-20AC-4A5D-8223-D6A849F170EB}.Debug|Any CPU.ActiveCfg = Debug|Any CPU
		{EA71CB70-20AC-4A5D-8223-D6A849F170EB}.Debug|Any CPU.Build.0 = Debug|Any CPU
		{EA71CB70-20AC-4A5D-8223-D6A849F170EB}.Release|Any CPU.ActiveCfg = Release|Any CPU
		{EA71CB70-20AC-4A5D-8223-D6A849F170EB}.Release|Any CPU.Build.0 = Release|Any CPU
		{DC4E93E6-D634-4AD7-AD79-1142C2520542}.Debug|Any CPU.ActiveCfg = Debug|Any CPU
		{DC4E93E6-D634-4AD7-AD79-1142C2520542}.Debug|Any CPU.Build.0 = Debug|Any CPU
		{DC4E93E6-D634-4AD7-AD79-1142C2520542}.Release|Any CPU.ActiveCfg = Release|Any CPU
		{DC4E93E6-D634-4AD7-AD79-1142C2520542}.Release|Any CPU.Build.0 = Release|Any CPU
	EndGlobalSection
EndGlobal
